<?xml version="1.0" encoding="utf-8"?>
<Project ToolsVersion="4.0" xmlns="http://schemas.microsoft.com/developer/msbuild/2003">
  <ItemGroup>
    <Filter Include="Source Files">
      <UniqueIdentifier>{4FC737F1-C7A5-4376-A066-2A32D752A2FF}</UniqueIdentifier>
      <Extensions>cpp;c;cc;cxx;def;odl;idl;hpj;bat;asm;asmx</Extensions>
    </Filter>
    <Filter Include="Header Files">
      <UniqueIdentifier>{93995380-89BD-4b04-88EB-625FBE52EBFB}</UniqueIdentifier>
      <Extensions>h;hh;hpp;hxx;hm;inl;inc;xsd</Extensions>
    </Filter>
    <Filter Include="Resource Files">
      <UniqueIdentifier>{67DA6AB6-F800-4c08-8B7A-83BB121AAD01}</UniqueIdentifier>
      <Extensions>rc;ico;cur;bmp;dlg;rc2;rct;bin;rgs;gif;jpg;jpeg;jpe;resx;tiff;tif;png;wav;mfcribbon-ms</Extensions>
    </Filter>
    <Filter Include="Header Files\DefaultHeaders">
      <UniqueIdentifier>{4e6f71a4-62fd-4bee-bb06-8a5728c1e31f}</UniqueIdentifier>
    </Filter>
    <Filter Include="Source Files\DefaultSources">
      <UniqueIdentifier>{5e06d90b-8b2c-473e-8caa-e2d4f9134b2c}</UniqueIdentifier>
    </Filter>
    <Filter Include="Source Files\GivenSources">
      <UniqueIdentifier>{54fa0cf4-0f2b-48c3-975a-a0f839f468d1}</UniqueIdentifier>
    </Filter>
    <Filter Include="Header Files\GivenHeaders">
      <UniqueIdentifier>{5a2d84b8-6d49-448b-baef-12eda9d66c33}</UniqueIdentifier>
    </Filter>
    <Filter Include="Header Files\ImageHeaders">
      <UniqueIdentifier>{3cfcf549-3c5f-425e-aebb-d56a6f56fb10}</UniqueIdentifier>
    </Filter>
    <Filter Include="Source Files\ImageSources">
      <UniqueIdentifier>{ad02452f-de14-4418-9664-a799dd6feecd}</UniqueIdentifier>
    </Filter>
  </ItemGroup>
  <ItemGroup>
    <Text Include="ReadMe.txt" />
  </ItemGroup>
  <ItemGroup>
    <ClInclude Include="targetver.h">
      <Filter>Header Files\DefaultHeaders</Filter>
    </ClInclude>
    <ClInclude Include="stdafx.h">
      <Filter>Header Files\DefaultHeaders</Filter>
    </ClInclude>
    <ClInclude Include="JN_Matrix.h">
      <Filter>Header Files</Filter>
    </ClInclude>
    <ClInclude Include="ReadWriteFunctions.h">
      <Filter>Header Files\GivenHeaders</Filter>
    </ClInclude>
    <ClInclude Include="JN_BaseImage.h">
      <Filter>Header Files\ImageHeaders</Filter>
    </ClInclude>
    <ClInclude Include="JN_LargeImage.h">
      <Filter>Header Files\ImageHeaders</Filter>
    </ClInclude>
    <ClInclude Include="JN_ReferenceImage.h">
      <Filter>Header Files\ImageHeaders</Filter>
    </ClInclude>
  </ItemGroup>
  <ItemGroup>
    <ClCompile Include="JN_Main.cpp">
      <Filter>Source Files</Filter>
    </ClCompile>
    <ClCompile Include="stdafx.cpp">
      <Filter>Source Files\DefaultSources</Filter>
    </ClCompile>
    <ClCompile Include="ReadWriteFunctions.cpp">
      <Filter>Source Files\GivenSources</Filter>
    </ClCompile>
    <ClCompile Include="JN_Matrix.cpp">
      <Filter>Source Files</Filter>
    </ClCompile>
    <ClCompile Include="JN_LargeImage.cpp">
      <Filter>Source Files\ImageSources</Filter>
    </ClCompile>
    <ClCompile Include="JN_BaseImage.cpp">
      <Filter>Source Files\ImageSources</Filter>
    </ClCompile>
    <ClCompile Include="JN_ReferenceImage.cpp">
      <Filter>Source Files\ImageSources</Filter>
    </ClCompile>
  </ItemGroup>
</Project>